
Microsoft Visual Studio Solution File, Format Version 12.00
# Visual Studio Version 16
VisualStudioVersion = 16.0.32002.261
MinimumVisualStudioVersion = 10.0.40219.1
Project("{FAE04EC0-301F-11D3-BF4B-00C04F79EFBC}") = "FunctionGraphAPI", "FunctionGraphAPI\FunctionGraphAPI.csproj", "{FD7E6207-EA5B-4F24-91E8-34A590E2A600}"
EndProject
Global
	GlobalSection(SolutionConfigurationPlatforms) = preSolution
		Debug|Any CPU = Debug|Any CPU
		Release|Any CPU = Release|Any CPU
	EndGlobalSection
	GlobalSection(ProjectConfigurationPlatforms) = postSolution
		{FD7E6207-EA5B-4F24-91E8-34A590E2A600}.Debug|Any CPU.ActiveCfg = Debug|Any CPU
		{FD7E6207-EA5B-4F24-91E8-34A590E2A600}.Debug|Any CPU.Build.0 = Debug|Any CPU
		{FD7E6207-EA5B-4F24-91E8-34A590E2A600}.Release|Any CPU.ActiveCfg = Release|Any CPU
		{FD7E6207-EA5B-4F24-91E8-34A590E2A600}.Release|Any CPU.Build.0 = Release|Any CPU
	EndGlobalSection
	GlobalSection(SolutionProperties) = preSolution
		HideSolutionNode = FALSE
	EndGlobalSection
	GlobalSection(ExtensibilityGlobals) = postSolution
		SolutionGuid = {38376AA3-DA63-40A7-94DB-33834483A51D}
	EndGlobalSection
EndGlobal
